{
    "_meta": {
        "hash": {
            "sha256": "53238e7635f04cd6fbc5d43e37203814960ef252ec04116c48af8cb8c4b136c0"
        },
        "pipfile-spec": 6,
        "requires": {
            "python_version": "3"
        },
        "sources": [
            {
                "name": "pypi",
                "url": "https://pypi.org/simple",
                "verify_ssl": true
            }
        ]
    },
    "default": {
        "yt-dlp": {
            "hashes": [
                "sha256:32992db94303a8a5d211a183f2174834fe7f8c29d83ed2e7a324eae97a8f26d8",
                "sha256:ba7aa31d533f1ffccfe70e421596d7ca8ff0bf1398dc6bb658b7d9dec057d2c9"
            ],
            "index": "pypi",
            "markers": "python_version >= '3.10'",
            "version": "==2026.3.17"
        }
    },
    "develop": {}
}
