{
    "_meta": {
        "hash": {
            "sha256": "53238e7635f04cd6fbc5d43e37203814960ef252ec04116c48af8cb8c4b136c0"
        },
        "pipfile-spec": 6,
        "requires": {
            "python_version": "3"
        },
        "sources": [
            {
                "name": "pypi",
                "url": "https://pypi.org/simple",
                "verify_ssl": true
            }
        ]
    },
    "default": {
        "yt-dlp": {
            "hashes": [
                "sha256:b094813404f87a9dd2186f00815231df32e5fd8a5403be0f807b3bb2d21a4432",
                "sha256:f11f2b11d5a8ac4059f9bdf29fa4407dc7c6bb00c5097e95ca22a7a9db518266"
            ],
            "index": "pypi",
            "markers": "python_version >= '3.10'",
            "version": "==2026.7.4"
        }
    },
    "develop": {}
}
